# generated by rye
# use `rye lock` or `rye sync` to update this lockfile
#
# last locked with the following flags:
#   pre: false
#   features: []
#   all-features: false
#   with-sources: false

-e file:.
absl-py==2.1.0
    # via keras
    # via tensorboard
    # via tensorflow
anyio==4.3.0
    # via httpx
astunparse==1.6.3
    # via tensorflow
certifi==2024.2.2
    # via httpcore
    # via httpx
    # via requests
charset-normalizer==3.3.2
    # via requests
click==8.1.7
    # via sudoku-solver
flatbuffers==24.3.7
    # via tensorflow
gast==0.5.4
    # via tensorflow
google-pasta==0.2.0
    # via tensorflow
grpcio==1.62.1
    # via tensorboard
    # via tensorflow
h11==0.14.0
    # via httpcore
h5py==3.10.0
    # via keras
    # via tensorflow
httpcore==1.0.4
    # via httpx
httpx==0.27.0
    # via python-telegram-bot
idna==3.6
    # via anyio
    # via httpx
    # via requests
imageio==2.34.0
    # via scikit-image
imutils==0.5.4
    # via sudoku-solver
joblib==1.3.2
    # via scikit-learn
keras==3.1.1
    # via sudoku-solver
    # via tensorflow
lazy-loader==0.3
    # via scikit-image
libclang==18.1.1
    # via tensorflow
markdown==3.6
    # via tensorboard
markdown-it-py==3.0.0
    # via rich
markupsafe==2.1.5
    # via werkzeug
mdurl==0.1.2
    # via markdown-it-py
ml-dtypes==0.3.2
    # via keras
    # via tensorflow
namex==0.0.7
    # via keras
networkx==3.2.1
    # via scikit-image
numpy==1.26.4
    # via h5py
    # via imageio
    # via keras
    # via ml-dtypes
    # via opencv-python
    # via opt-einsum
    # via scikit-image
    # via scikit-learn
    # via scipy
    # via tensorboard
    # via tifffile
opencv-python==4.9.0.80
    # via sudoku-solver
opt-einsum==3.3.0
    # via tensorflow
optree==0.10.0
    # via keras
packaging==24.0
    # via pytesseract
    # via scikit-image
    # via tensorflow
pandas==2.2.1
    # via sudoku-solver
pillow==10.2.0
    # via imageio
    # via pytesseract
    # via scikit-image
protobuf==4.25.3
    # via tensorboard
    # via tensorflow
pygments==2.17.2
    # via rich
pytesseract==0.3.10
    # via sudoku-solver
python-dateutil==2.9.0.post0
    # via pandas
python-telegram-bot==21.0.1
    # via sudoku-solver
pytz==2024.1
    # via pandas
requests==2.31.0
    # via tensorflow
rich==13.7.1
    # via keras
scikit-image==0.22.0
    # via sudoku-solver
scikit-learn==1.4.1.post1
    # via sudoku-solver
scipy==1.12.0
    # via scikit-image
    # via scikit-learn
setuptools==69.2.0
    # via tensorboard
    # via tensorflow
six==1.16.0
    # via astunparse
    # via google-pasta
    # via python-dateutil
    # via tensorboard
    # via tensorflow
sniffio==1.3.1
    # via anyio
    # via httpx
tensorboard==2.16.2
    # via tensorflow
tensorboard-data-server==0.7.2
    # via tensorboard
tensorflow==2.16.1
    # via sudoku-solver
tensorflow-io-gcs-filesystem==0.36.0
    # via tensorflow
termcolor==2.4.0
    # via tensorflow
threadpoolctl==3.3.0
    # via scikit-learn
tifffile==2024.2.12
    # via scikit-image
typing-extensions==4.10.0
    # via optree
    # via tensorflow
tzdata==2024.1
    # via pandas
urllib3==2.2.1
    # via requests
werkzeug==3.0.1
    # via tensorboard
wheel==0.43.0
    # via astunparse
wrapt==1.16.0
    # via tensorflow
